
Microsoft Visual Studio Solution File, Format Version 12.00
# Visual Studio Version 17
VisualStudioVersion = 17.14.36511.14 d17.14
MinimumVisualStudioVersion = 10.0.40219.1
Project("{FAE04EC0-301F-11D3-BF4B-00C04F79EFBC}") = "ARC_TPA_Commands", "ARC_TPA_Commands.csproj", "{A3966D7F-9BED-427F-A15E-E097B50871BE}"
EndProject
Global
	GlobalSection(SolutionConfigurationPlatforms) = preSolution
		Debug|Any CPU = Debug|Any CPU
		Release|Any CPU = Release|Any CPU
	EndGlobalSection
	GlobalSection(ProjectConfigurationPlatforms) = postSolution
		{A3966D7F-9BED-427F-A15E-E097B50871BE}.Debug|Any CPU.ActiveCfg = Debug|Any CPU
		{A3966D7F-9BED-427F-A15E-E097B50871BE}.Debug|Any CPU.Build.0 = Debug|Any CPU
		{A3966D7F-9BED-427F-A15E-E097B50871BE}.Release|Any CPU.ActiveCfg = Release|Any CPU
		{A3966D7F-9BED-427F-A15E-E097B50871BE}.Release|Any CPU.Build.0 = Release|Any CPU
	EndGlobalSection
	GlobalSection(SolutionProperties) = preSolution
		HideSolutionNode = FALSE
	EndGlobalSection
	GlobalSection(ExtensibilityGlobals) = postSolution
		SolutionGuid = {30C3A0DD-F4A9-42E6-BA8D-AA7B4A61E78C}
	EndGlobalSection
EndGlobal
